
Microsoft Visual Studio Solution File, Format Version 12.00
# Visual Studio 15
VisualStudioVersion = 15.0.27703.2042
MinimumVisualStudioVersion = 10.0.40219.1
Project("{9A19103F-16F7-4668-BE54-9A1E7A4F7556}") = "hisystems_Interpreter_Core20", "hisystems_Interpreter_Core20.csproj", "{698E2B6F-048C-46E1-B507-192C699602EA}"
EndProject
Global
	GlobalSection(SolutionConfigurationPlatforms) = preSolution
		Debug|Any CPU = Debug|Any CPU
		Release|Any CPU = Release|Any CPU
	EndGlobalSection
	GlobalSection(ProjectConfigurationPlatforms) = postSolution
		{698E2B6F-048C-46E1-B507-192C699602EA}.Debug|Any CPU.ActiveCfg = Debug|Any CPU
		{698E2B6F-048C-46E1-B507-192C699602EA}.Debug|Any CPU.Build.0 = Debug|Any CPU
		{698E2B6F-048C-46E1-B507-192C699602EA}.Release|Any CPU.ActiveCfg = Release|Any CPU
		{698E2B6F-048C-46E1-B507-192C699602EA}.Release|Any CPU.Build.0 = Release|Any CPU
	EndGlobalSection
	GlobalSection(SolutionProperties) = preSolution
		HideSolutionNode = FALSE
	EndGlobalSection
	GlobalSection(ExtensibilityGlobals) = postSolution
		SolutionGuid = {1B62FB27-CBA4-462E-BB27-BFEBF77F1728}
	EndGlobalSection
EndGlobal
